
Microsoft Visual Studio Solution File, Format Version 12.00
# Visual Studio Version 16
VisualStudioVersion = 16.0.32106.194
MinimumVisualStudioVersion = 10.0.40219.1
Project("{FAE04EC0-301F-11D3-BF4B-00C04F79EFBC}") = "DISAssignment1", "DISAssignment1.csproj", "{13608FE3-6080-4150-821E-78EEDFCE37D8}"
EndProject
Global
	GlobalSection(SolutionConfigurationPlatforms) = preSolution
		Debug|Any CPU = Debug|Any CPU
		Release|Any CPU = Release|Any CPU
	EndGlobalSection
	GlobalSection(ProjectConfigurationPlatforms) = postSolution
		{13608FE3-6080-4150-821E-78EEDFCE37D8}.Debug|Any CPU.ActiveCfg = Debug|Any CPU
		{13608FE3-6080-4150-821E-78EEDFCE37D8}.Debug|Any CPU.Build.0 = Debug|Any CPU
		{13608FE3-6080-4150-821E-78EEDFCE37D8}.Release|Any CPU.ActiveCfg = Release|Any CPU
		{13608FE3-6080-4150-821E-78EEDFCE37D8}.Release|Any CPU.Build.0 = Release|Any CPU
	EndGlobalSection
	GlobalSection(SolutionProperties) = preSolution
		HideSolutionNode = FALSE
	EndGlobalSection
	GlobalSection(ExtensibilityGlobals) = postSolution
		SolutionGuid = {53533A2E-385A-4770-87EB-0AFBAABA84C9}
	EndGlobalSection
EndGlobal
